
Microsoft Visual Studio Solution File, Format Version 12.00
# Visual Studio 15
VisualStudioVersion = 15.0.28010.2050
MinimumVisualStudioVersion = 10.0.40219.1
Project("{FAE04EC0-301F-11D3-BF4B-00C04F79EFBC}") = "OOPRelationDemo", "OOPRelationDemo\OOPRelationDemo.csproj", "{FAFFCD02-99B2-41E1-8550-5843427ACC23}"
EndProject
Global
	GlobalSection(SolutionConfigurationPlatforms) = preSolution
		Debug|Any CPU = Debug|Any CPU
		Release|Any CPU = Release|Any CPU
	EndGlobalSection
	GlobalSection(ProjectConfigurationPlatforms) = postSolution
		{FAFFCD02-99B2-41E1-8550-5843427ACC23}.Debug|Any CPU.ActiveCfg = Debug|Any CPU
		{FAFFCD02-99B2-41E1-8550-5843427ACC23}.Debug|Any CPU.Build.0 = Debug|Any CPU
		{FAFFCD02-99B2-41E1-8550-5843427ACC23}.Release|Any CPU.ActiveCfg = Release|Any CPU
		{FAFFCD02-99B2-41E1-8550-5843427ACC23}.Release|Any CPU.Build.0 = Release|Any CPU
	EndGlobalSection
	GlobalSection(SolutionProperties) = preSolution
		HideSolutionNode = FALSE
	EndGlobalSection
	GlobalSection(ExtensibilityGlobals) = postSolution
		SolutionGuid = {1FC0409B-7B38-47A1-B666-61203DDBAB0B}
	EndGlobalSection
EndGlobal
